{
  "name": "backend-apis",
  "version": "1.0.0",
  "lockfileVersion": 2,
  "requires": true,
  "packages": {
    "": {
      "version": "1.0.0",
      "license": "ISC",
      "dependencies": {
        "age-calculator": "^1.0.0"
      }
    },
    "node_modules/age-calculator": {
      "version": "1.0.0",
      "resolved": "https://registry.npmjs.org/age-calculator/-/age-calculator-1.0.0.tgz",
      "integrity": "sha1-P9zZgXW3HFQekbGptNfCRA7E9Lc="
    }
  },
  "dependencies": {
    "age-calculator": {
      "version": "1.0.0",
      "resolved": "https://registry.npmjs.org/age-calculator/-/age-calculator-1.0.0.tgz",
      "integrity": "sha1-P9zZgXW3HFQekbGptNfCRA7E9Lc="
    }
  }
}
